
Microsoft Visual Studio Solution File, Format Version 12.00
# Visual Studio Version 16
VisualStudioVersion = 16.0.30309.148
MinimumVisualStudioVersion = 10.0.40219.1
Project("{FAE04EC0-301F-11D3-BF4B-00C04F79EFBC}") = "XMLJSON", "XMLJSON\XMLJSON.csproj", "{6C7B9B71-B84F-40D8-A9FD-BB1CC19AD9EA}"
EndProject
Global
	GlobalSection(SolutionConfigurationPlatforms) = preSolution
		Debug|Any CPU = Debug|Any CPU
		Release|Any CPU = Release|Any CPU
	EndGlobalSection
	GlobalSection(ProjectConfigurationPlatforms) = postSolution
		{6C7B9B71-B84F-40D8-A9FD-BB1CC19AD9EA}.Debug|Any CPU.ActiveCfg = Debug|Any CPU
		{6C7B9B71-B84F-40D8-A9FD-BB1CC19AD9EA}.Debug|Any CPU.Build.0 = Debug|Any CPU
		{6C7B9B71-B84F-40D8-A9FD-BB1CC19AD9EA}.Release|Any CPU.ActiveCfg = Release|Any CPU
		{6C7B9B71-B84F-40D8-A9FD-BB1CC19AD9EA}.Release|Any CPU.Build.0 = Release|Any CPU
	EndGlobalSection
	GlobalSection(SolutionProperties) = preSolution
		HideSolutionNode = FALSE
	EndGlobalSection
	GlobalSection(ExtensibilityGlobals) = postSolution
		SolutionGuid = {F6622AC5-D9CD-45AF-8639-A109A3325089}
	EndGlobalSection
EndGlobal
